
Microsoft Visual Studio Solution File, Format Version 12.00
# Visual Studio Version 16
VisualStudioVersion = 16.0.31515.178
MinimumVisualStudioVersion = 10.0.40219.1
Project("{FAE04EC0-301F-11D3-BF4B-00C04F79EFBC}") = "lazyCache", "lazyCache\lazyCache.csproj", "{D044ADE8-3E19-4EA8-BD26-1D59250E9FE0}"
EndProject
Global
	GlobalSection(SolutionConfigurationPlatforms) = preSolution
		Debug|Any CPU = Debug|Any CPU
		Release|Any CPU = Release|Any CPU
	EndGlobalSection
	GlobalSection(ProjectConfigurationPlatforms) = postSolution
		{D044ADE8-3E19-4EA8-BD26-1D59250E9FE0}.Debug|Any CPU.ActiveCfg = Debug|Any CPU
		{D044ADE8-3E19-4EA8-BD26-1D59250E9FE0}.Debug|Any CPU.Build.0 = Debug|Any CPU
		{D044ADE8-3E19-4EA8-BD26-1D59250E9FE0}.Release|Any CPU.ActiveCfg = Release|Any CPU
		{D044ADE8-3E19-4EA8-BD26-1D59250E9FE0}.Release|Any CPU.Build.0 = Release|Any CPU
	EndGlobalSection
	GlobalSection(SolutionProperties) = preSolution
		HideSolutionNode = FALSE
	EndGlobalSection
	GlobalSection(ExtensibilityGlobals) = postSolution
		SolutionGuid = {4DF6BED8-B2FE-4C24-A81B-D71133798AB5}
	EndGlobalSection
EndGlobal
